
Microsoft Visual Studio Solution File, Format Version 12.00
# Visual Studio Version 16
VisualStudioVersion = 16.0.31129.286
MinimumVisualStudioVersion = 10.0.40219.1
Project("{FAE04EC0-301F-11D3-BF4B-00C04F79EFBC}") = "ConversorANSItoUTF8", "ConversorANSItoUTF8\ConversorANSItoUTF8.csproj", "{085522A8-F272-4426-A8D2-1B22CC27E09F}"
EndProject
Global
	GlobalSection(SolutionConfigurationPlatforms) = preSolution
		Debug|Any CPU = Debug|Any CPU
		Release|Any CPU = Release|Any CPU
	EndGlobalSection
	GlobalSection(ProjectConfigurationPlatforms) = postSolution
		{085522A8-F272-4426-A8D2-1B22CC27E09F}.Debug|Any CPU.ActiveCfg = Debug|Any CPU
		{085522A8-F272-4426-A8D2-1B22CC27E09F}.Debug|Any CPU.Build.0 = Debug|Any CPU
		{085522A8-F272-4426-A8D2-1B22CC27E09F}.Release|Any CPU.ActiveCfg = Release|Any CPU
		{085522A8-F272-4426-A8D2-1B22CC27E09F}.Release|Any CPU.Build.0 = Release|Any CPU
	EndGlobalSection
	GlobalSection(SolutionProperties) = preSolution
		HideSolutionNode = FALSE
	EndGlobalSection
	GlobalSection(ExtensibilityGlobals) = postSolution
		SolutionGuid = {269B69CC-BDBC-49D0-BBD0-7321DE575D84}
	EndGlobalSection
EndGlobal
